
Microsoft Visual Studio Solution File, Format Version 12.00
# Visual Studio Version 16
VisualStudioVersion = 16.0.30621.155
MinimumVisualStudioVersion = 10.0.40219.1
Project("{FAE04EC0-301F-11D3-BF4B-00C04F79EFBC}") = "EmmaJunoKlimat", "EmmaJunoKlimat\EmmaJunoKlimat.csproj", "{48BC305A-9C7D-4829-9CC4-F0D06C099FE6}"
EndProject
Global
	GlobalSection(SolutionConfigurationPlatforms) = preSolution
		Debug|Any CPU = Debug|Any CPU
		Release|Any CPU = Release|Any CPU
	EndGlobalSection
	GlobalSection(ProjectConfigurationPlatforms) = postSolution
		{48BC305A-9C7D-4829-9CC4-F0D06C099FE6}.Debug|Any CPU.ActiveCfg = Debug|Any CPU
		{48BC305A-9C7D-4829-9CC4-F0D06C099FE6}.Debug|Any CPU.Build.0 = Debug|Any CPU
		{48BC305A-9C7D-4829-9CC4-F0D06C099FE6}.Release|Any CPU.ActiveCfg = Release|Any CPU
		{48BC305A-9C7D-4829-9CC4-F0D06C099FE6}.Release|Any CPU.Build.0 = Release|Any CPU
	EndGlobalSection
	GlobalSection(SolutionProperties) = preSolution
		HideSolutionNode = FALSE
	EndGlobalSection
	GlobalSection(ExtensibilityGlobals) = postSolution
		SolutionGuid = {797DF1B7-7DE7-4FAC-A47D-CDEFA56BDC38}
	EndGlobalSection
EndGlobal
